
Microsoft Visual Studio Solution File, Format Version 12.00
# Visual Studio Version 17
VisualStudioVersion = 17.8.34330.188
MinimumVisualStudioVersion = 10.0.40219.1
Project("{9A19103F-16F7-4668-BE54-9A1E7A4F7556}") = "Lithnet.Ecma2Framework.Sdk", "Lithnet.Ecma2Framework.Sdk\Lithnet.Ecma2Framework.Sdk.csproj", "{DA889F27-C149-43A9-81A3-2D926E200146}"
EndProject
Project("{2150E333-8FDC-42A3-9474-1A3956D46DE8}") = "build", "build", "{B22215C4-98E5-4216-89E4-45F0B873E68A}"
	ProjectSection(SolutionItems) = preProject
		build\azure-pipelines.yml = build\azure-pipelines.yml
	EndProjectSection
EndProject
Project("{9A19103F-16F7-4668-BE54-9A1E7A4F7556}") = "Lithnet.Ecma2Framework.Example", "Lithnet.Ecma2Framework.Example\Lithnet.Ecma2Framework.Example.csproj", "{B5A68210-ADF2-4D49-AF95-7098301D4743}"
EndProject
Project("{9A19103F-16F7-4668-BE54-9A1E7A4F7556}") = "Lithnet.Ecma2Framework.SourceGeneration", "Lithnet.Ecma2Framework.SourceGeneration\Lithnet.Ecma2Framework.SourceGeneration.csproj", "{130355BE-E735-456B-AED9-38C84C03B939}"
EndProject
Project("{FAE04EC0-301F-11D3-BF4B-00C04F79EFBC}") = "Lithnet.Ecma2Framework.Shim", "Lithnet.Ecma2Framework.Shim\Lithnet.Ecma2Framework.Shim.csproj", "{A1B2C3D4-E5F6-7890-ABCD-EF1234567891}"
EndProject
Project("{9A19103F-16F7-4668-BE54-9A1E7A4F7556}") = "Lithnet.Ecma2Framework.Hosting", "Lithnet.Ecma2Framework.Hosting\Lithnet.Ecma2Framework.Hosting.csproj", "{B3C4D5E6-F7A8-9012-BCDE-F01234567891}"
EndProject
Project("{FAE04EC0-301F-11D3-BF4B-00C04F79EFBC}") = "Lithnet.Ecma2Framework.Integration.Tests", "Lithnet.Ecma2Framework.Integration.Tests\Lithnet.Ecma2Framework.Integration.Tests.csproj", "{C4D5E6F7-A8B9-0123-CDEF-012345678912}"
EndProject
Project("{FAE04EC0-301F-11D3-BF4B-00C04F79EFBC}") = "Lithnet.Ecma2Framework.Hosting.Tests", "Lithnet.Ecma2Framework.Hosting.Tests\Lithnet.Ecma2Framework.Hosting.Tests.csproj", "{3F112AF3-1757-4733-BE16-7370A442D9CD}"
EndProject
Project("{FAE04EC0-301F-11D3-BF4B-00C04F79EFBC}") = "Lithnet.Ecma2Framework.Tests", "Lithnet.Ecma2Framework.Tests\Lithnet.Ecma2Framework.Tests.csproj", "{D316265A-F120-4ADC-9126-AA30EAE32505}"
EndProject
Project("{9A19103F-16F7-4668-BE54-9A1E7A4F7556}") = "Lithnet.Ecma2Framework.TestConsumer", "Lithnet.Ecma2Framework.TestConsumer\Lithnet.Ecma2Framework.TestConsumer.csproj", "{E5F6A7B8-C9D0-1234-ABCD-567890123456}"
EndProject
Project("{FAE04EC0-301F-11D3-BF4B-00C04F79EFBC}") = "Lithnet.Ecma2Framework.SourceGeneration.Tests", "Lithnet.Ecma2Framework.SourceGeneration.Tests\Lithnet.Ecma2Framework.SourceGeneration.Tests.csproj", "{2B695DDF-FF26-415B-8A79-CC850FFA32E8}"
EndProject
Project("{FAE04EC0-301F-11D3-BF4B-00C04F79EFBC}") = "Lithnet.Ecma2Framework.Shim.Build.Tests", "Lithnet.Ecma2Framework.Shim.Build.Tests\Lithnet.Ecma2Framework.Shim.Build.Tests.csproj", "{160DC93C-9433-48DD-ADA4-D6414A387BA0}"
EndProject
Project("{9A19103F-16F7-4668-BE54-9A1E7A4F7556}") = "Lithnet.Ecma2Framework.SampleConsumer", "Lithnet.Ecma2Framework.SampleConsumer\Lithnet.Ecma2Framework.SampleConsumer.csproj", "{EB65322F-270A-4153-892B-1D46B5996934}"
EndProject
Project("{FAE04EC0-301F-11D3-BF4B-00C04F79EFBC}") = "Lithnet.Ecma2Framework.Serialization", "Lithnet.Ecma2Framework.Serialization\Lithnet.Ecma2Framework.Serialization.csproj", "{2DF9A144-E981-4B52-88F2-617B945AEC47}"
EndProject
Project("{FAE04EC0-301F-11D3-BF4B-00C04F79EFBC}") = "Lithnet.Ecma2Framework.Serialization.Tests", "Lithnet.Ecma2Framework.Serialization.Tests\Lithnet.Ecma2Framework.Serialization.Tests.csproj", "{D65DAC9B-341D-4348-81DB-4EE149DB528F}"
EndProject
Project("{FAE04EC0-301F-11D3-BF4B-00C04F79EFBC}") = "Lithnet.Ecma2Framework", "Lithnet.Ecma2Framework\Lithnet.Ecma2Framework.csproj", "{DA46370B-947F-43B2-8AA6-B5F2D4334A86}"
EndProject
Global
	GlobalSection(SolutionConfigurationPlatforms) = preSolution
		Debug|Any CPU = Debug|Any CPU
		Debug|x64 = Debug|x64
		Debug|x86 = Debug|x86
		Release|Any CPU = Release|Any CPU
		Release|x64 = Release|x64
		Release|x86 = Release|x86
	EndGlobalSection
	GlobalSection(ProjectConfigurationPlatforms) = postSolution
		{DA889F27-C149-43A9-81A3-2D926E200146}.Debug|Any CPU.ActiveCfg = Debug|Any CPU
		{DA889F27-C149-43A9-81A3-2D926E200146}.Debug|Any CPU.Build.0 = Debug|Any CPU
		{DA889F27-C149-43A9-81A3-2D926E200146}.Debug|x64.ActiveCfg = Debug|Any CPU
		{DA889F27-C149-43A9-81A3-2D926E200146}.Debug|x64.Build.0 = Debug|Any CPU
		{DA889F27-C149-43A9-81A3-2D926E200146}.Debug|x86.ActiveCfg = Debug|Any CPU
		{DA889F27-C149-43A9-81A3-2D926E200146}.Debug|x86.Build.0 = Debug|Any CPU
		{DA889F27-C149-43A9-81A3-2D926E200146}.Release|Any CPU.ActiveCfg = Release|Any CPU
		{DA889F27-C149-43A9-81A3-2D926E200146}.Release|Any CPU.Build.0 = Release|Any CPU
		{DA889F27-C149-43A9-81A3-2D926E200146}.Release|x64.ActiveCfg = Release|Any CPU
		{DA889F27-C149-43A9-81A3-2D926E200146}.Release|x64.Build.0 = Release|Any CPU
		{DA889F27-C149-43A9-81A3-2D926E200146}.Release|x86.ActiveCfg = Release|Any CPU
		{DA889F27-C149-43A9-81A3-2D926E200146}.Release|x86.Build.0 = Release|Any CPU
		{B5A68210-ADF2-4D49-AF95-7098301D4743}.Debug|Any CPU.ActiveCfg = Debug|Any CPU
		{B5A68210-ADF2-4D49-AF95-7098301D4743}.Debug|Any CPU.Build.0 = Debug|Any CPU
		{B5A68210-ADF2-4D49-AF95-7098301D4743}.Debug|x64.ActiveCfg = Debug|Any CPU
		{B5A68210-ADF2-4D49-AF95-7098301D4743}.Debug|x64.Build.0 = Debug|Any CPU
		{B5A68210-ADF2-4D49-AF95-7098301D4743}.Debug|x86.ActiveCfg = Debug|Any CPU
		{B5A68210-ADF2-4D49-AF95-7098301D4743}.Debug|x86.Build.0 = Debug|Any CPU
		{B5A68210-ADF2-4D49-AF95-7098301D4743}.Release|Any CPU.ActiveCfg = Release|Any CPU
		{B5A68210-ADF2-4D49-AF95-7098301D4743}.Release|Any CPU.Build.0 = Release|Any CPU
		{B5A68210-ADF2-4D49-AF95-7098301D4743}.Release|x64.ActiveCfg = Release|Any CPU
		{B5A68210-ADF2-4D49-AF95-7098301D4743}.Release|x64.Build.0 = Release|Any CPU
		{B5A68210-ADF2-4D49-AF95-7098301D4743}.Release|x86.ActiveCfg = Release|Any CPU
		{B5A68210-ADF2-4D49-AF95-7098301D4743}.Release|x86.Build.0 = Release|Any CPU
		{130355BE-E735-456B-AED9-38C84C03B939}.Debug|Any CPU.ActiveCfg = Debug|Any CPU
		{130355BE-E735-456B-AED9-38C84C03B939}.Debug|Any CPU.Build.0 = Debug|Any CPU
		{130355BE-E735-456B-AED9-38C84C03B939}.Debug|x64.ActiveCfg = Debug|Any CPU
		{130355BE-E735-456B-AED9-38C84C03B939}.Debug|x64.Build.0 = Debug|Any CPU
		{130355BE-E735-456B-AED9-38C84C03B939}.Debug|x86.ActiveCfg = Debug|Any CPU
		{130355BE-E735-456B-AED9-38C84C03B939}.Debug|x86.Build.0 = Debug|Any CPU
		{130355BE-E735-456B-AED9-38C84C03B939}.Release|Any CPU.ActiveCfg = Release|Any CPU
		{130355BE-E735-456B-AED9-38C84C03B939}.Release|Any CPU.Build.0 = Release|Any CPU
		{130355BE-E735-456B-AED9-38C84C03B939}.Release|x64.ActiveCfg = Release|Any CPU
		{130355BE-E735-456B-AED9-38C84C03B939}.Release|x64.Build.0 = Release|Any CPU
		{130355BE-E735-456B-AED9-38C84C03B939}.Release|x86.ActiveCfg = Release|Any CPU
		{130355BE-E735-456B-AED9-38C84C03B939}.Release|x86.Build.0 = Release|Any CPU
		{A1B2C3D4-E5F6-7890-ABCD-EF1234567891}.Debug|Any CPU.ActiveCfg = Debug|Any CPU
		{A1B2C3D4-E5F6-7890-ABCD-EF1234567891}.Debug|Any CPU.Build.0 = Debug|Any CPU
		{A1B2C3D4-E5F6-7890-ABCD-EF1234567891}.Debug|x64.ActiveCfg = Debug|Any CPU
		{A1B2C3D4-E5F6-7890-ABCD-EF1234567891}.Debug|x64.Build.0 = Debug|Any CPU
		{A1B2C3D4-E5F6-7890-ABCD-EF1234567891}.Debug|x86.ActiveCfg = Debug|Any CPU
		{A1B2C3D4-E5F6-7890-ABCD-EF1234567891}.Debug|x86.Build.0 = Debug|Any CPU
		{A1B2C3D4-E5F6-7890-ABCD-EF1234567891}.Release|Any CPU.ActiveCfg = Release|Any CPU
		{A1B2C3D4-E5F6-7890-ABCD-EF1234567891}.Release|Any CPU.Build.0 = Release|Any CPU
		{A1B2C3D4-E5F6-7890-ABCD-EF1234567891}.Release|x64.ActiveCfg = Release|Any CPU
		{A1B2C3D4-E5F6-7890-ABCD-EF1234567891}.Release|x64.Build.0 = Release|Any CPU
		{A1B2C3D4-E5F6-7890-ABCD-EF1234567891}.Release|x86.ActiveCfg = Release|Any CPU
		{A1B2C3D4-E5F6-7890-ABCD-EF1234567891}.Release|x86.Build.0 = Release|Any CPU
		{B3C4D5E6-F7A8-9012-BCDE-F01234567891}.Debug|Any CPU.ActiveCfg = Debug|Any CPU
		{B3C4D5E6-F7A8-9012-BCDE-F01234567891}.Debug|Any CPU.Build.0 = Debug|Any CPU
		{B3C4D5E6-F7A8-9012-BCDE-F01234567891}.Debug|x64.ActiveCfg = Debug|Any CPU
		{B3C4D5E6-F7A8-9012-BCDE-F01234567891}.Debug|x64.Build.0 = Debug|Any CPU
		{B3C4D5E6-F7A8-9012-BCDE-F01234567891}.Debug|x86.ActiveCfg = Debug|Any CPU
		{B3C4D5E6-F7A8-9012-BCDE-F01234567891}.Debug|x86.Build.0 = Debug|Any CPU
		{B3C4D5E6-F7A8-9012-BCDE-F01234567891}.Release|Any CPU.ActiveCfg = Release|Any CPU
		{B3C4D5E6-F7A8-9012-BCDE-F01234567891}.Release|Any CPU.Build.0 = Release|Any CPU
		{B3C4D5E6-F7A8-9012-BCDE-F01234567891}.Release|x64.ActiveCfg = Release|Any CPU
		{B3C4D5E6-F7A8-9012-BCDE-F01234567891}.Release|x64.Build.0 = Release|Any CPU
		{B3C4D5E6-F7A8-9012-BCDE-F01234567891}.Release|x86.ActiveCfg = Release|Any CPU
		{B3C4D5E6-F7A8-9012-BCDE-F01234567891}.Release|x86.Build.0 = Release|Any CPU
		{C4D5E6F7-A8B9-0123-CDEF-012345678912}.Debug|Any CPU.ActiveCfg = Debug|Any CPU
		{C4D5E6F7-A8B9-0123-CDEF-012345678912}.Debug|Any CPU.Build.0 = Debug|Any CPU
		{C4D5E6F7-A8B9-0123-CDEF-012345678912}.Debug|x64.ActiveCfg = Debug|Any CPU
		{C4D5E6F7-A8B9-0123-CDEF-012345678912}.Debug|x64.Build.0 = Debug|Any CPU
		{C4D5E6F7-A8B9-0123-CDEF-012345678912}.Debug|x86.ActiveCfg = Debug|Any CPU
		{C4D5E6F7-A8B9-0123-CDEF-012345678912}.Debug|x86.Build.0 = Debug|Any CPU
		{C4D5E6F7-A8B9-0123-CDEF-012345678912}.Release|Any CPU.ActiveCfg = Release|Any CPU
		{C4D5E6F7-A8B9-0123-CDEF-012345678912}.Release|Any CPU.Build.0 = Release|Any CPU
		{C4D5E6F7-A8B9-0123-CDEF-012345678912}.Release|x64.ActiveCfg = Release|Any CPU
		{C4D5E6F7-A8B9-0123-CDEF-012345678912}.Release|x64.Build.0 = Release|Any CPU
		{C4D5E6F7-A8B9-0123-CDEF-012345678912}.Release|x86.ActiveCfg = Release|Any CPU
		{C4D5E6F7-A8B9-0123-CDEF-012345678912}.Release|x86.Build.0 = Release|Any CPU
		{3F112AF3-1757-4733-BE16-7370A442D9CD}.Debug|Any CPU.ActiveCfg = Debug|Any CPU
		{3F112AF3-1757-4733-BE16-7370A442D9CD}.Debug|Any CPU.Build.0 = Debug|Any CPU
		{3F112AF3-1757-4733-BE16-7370A442D9CD}.Debug|x64.ActiveCfg = Debug|Any CPU
		{3F112AF3-1757-4733-BE16-7370A442D9CD}.Debug|x64.Build.0 = Debug|Any CPU
		{3F112AF3-1757-4733-BE16-7370A442D9CD}.Debug|x86.ActiveCfg = Debug|Any CPU
		{3F112AF3-1757-4733-BE16-7370A442D9CD}.Debug|x86.Build.0 = Debug|Any CPU
		{3F112AF3-1757-4733-BE16-7370A442D9CD}.Release|Any CPU.ActiveCfg = Release|Any CPU
		{3F112AF3-1757-4733-BE16-7370A442D9CD}.Release|Any CPU.Build.0 = Release|Any CPU
		{3F112AF3-1757-4733-BE16-7370A442D9CD}.Release|x64.ActiveCfg = Release|Any CPU
		{3F112AF3-1757-4733-BE16-7370A442D9CD}.Release|x64.Build.0 = Release|Any CPU
		{3F112AF3-1757-4733-BE16-7370A442D9CD}.Release|x86.ActiveCfg = Release|Any CPU
		{3F112AF3-1757-4733-BE16-7370A442D9CD}.Release|x86.Build.0 = Release|Any CPU
		{D316265A-F120-4ADC-9126-AA30EAE32505}.Debug|Any CPU.ActiveCfg = Debug|Any CPU
		{D316265A-F120-4ADC-9126-AA30EAE32505}.Debug|Any CPU.Build.0 = Debug|Any CPU
		{D316265A-F120-4ADC-9126-AA30EAE32505}.Debug|x64.ActiveCfg = Debug|Any CPU
		{D316265A-F120-4ADC-9126-AA30EAE32505}.Debug|x64.Build.0 = Debug|Any CPU
		{D316265A-F120-4ADC-9126-AA30EAE32505}.Debug|x86.ActiveCfg = Debug|Any CPU
		{D316265A-F120-4ADC-9126-AA30EAE32505}.Debug|x86.Build.0 = Debug|Any CPU
		{D316265A-F120-4ADC-9126-AA30EAE32505}.Release|Any CPU.ActiveCfg = Release|Any CPU
		{D316265A-F120-4ADC-9126-AA30EAE32505}.Release|Any CPU.Build.0 = Release|Any CPU
		{D316265A-F120-4ADC-9126-AA30EAE32505}.Release|x64.ActiveCfg = Release|Any CPU
		{D316265A-F120-4ADC-9126-AA30EAE32505}.Release|x64.Build.0 = Release|Any CPU
		{D316265A-F120-4ADC-9126-AA30EAE32505}.Release|x86.ActiveCfg = Release|Any CPU
		{D316265A-F120-4ADC-9126-AA30EAE32505}.Release|x86.Build.0 = Release|Any CPU
		{E5F6A7B8-C9D0-1234-ABCD-567890123456}.Debug|Any CPU.ActiveCfg = Debug|Any CPU
		{E5F6A7B8-C9D0-1234-ABCD-567890123456}.Debug|Any CPU.Build.0 = Debug|Any CPU
		{E5F6A7B8-C9D0-1234-ABCD-567890123456}.Debug|x64.ActiveCfg = Debug|Any CPU
		{E5F6A7B8-C9D0-1234-ABCD-567890123456}.Debug|x64.Build.0 = Debug|Any CPU
		{E5F6A7B8-C9D0-1234-ABCD-567890123456}.Debug|x86.ActiveCfg = Debug|Any CPU
		{E5F6A7B8-C9D0-1234-ABCD-567890123456}.Debug|x86.Build.0 = Debug|Any CPU
		{E5F6A7B8-C9D0-1234-ABCD-567890123456}.Release|Any CPU.ActiveCfg = Release|Any CPU
		{E5F6A7B8-C9D0-1234-ABCD-567890123456}.Release|Any CPU.Build.0 = Release|Any CPU
		{E5F6A7B8-C9D0-1234-ABCD-567890123456}.Release|x64.ActiveCfg = Release|Any CPU
		{E5F6A7B8-C9D0-1234-ABCD-567890123456}.Release|x64.Build.0 = Release|Any CPU
		{E5F6A7B8-C9D0-1234-ABCD-567890123456}.Release|x86.ActiveCfg = Release|Any CPU
		{E5F6A7B8-C9D0-1234-ABCD-567890123456}.Release|x86.Build.0 = Release|Any CPU
		{2B695DDF-FF26-415B-8A79-CC850FFA32E8}.Debug|Any CPU.ActiveCfg = Debug|Any CPU
		{2B695DDF-FF26-415B-8A79-CC850FFA32E8}.Debug|Any CPU.Build.0 = Debug|Any CPU
		{2B695DDF-FF26-415B-8A79-CC850FFA32E8}.Debug|x64.ActiveCfg = Debug|Any CPU
		{2B695DDF-FF26-415B-8A79-CC850FFA32E8}.Debug|x64.Build.0 = Debug|Any CPU
		{2B695DDF-FF26-415B-8A79-CC850FFA32E8}.Debug|x86.ActiveCfg = Debug|Any CPU
		{2B695DDF-FF26-415B-8A79-CC850FFA32E8}.Debug|x86.Build.0 = Debug|Any CPU
		{2B695DDF-FF26-415B-8A79-CC850FFA32E8}.Release|Any CPU.ActiveCfg = Release|Any CPU
		{2B695DDF-FF26-415B-8A79-CC850FFA32E8}.Release|Any CPU.Build.0 = Release|Any CPU
		{2B695DDF-FF26-415B-8A79-CC850FFA32E8}.Release|x64.ActiveCfg = Release|Any CPU
		{2B695DDF-FF26-415B-8A79-CC850FFA32E8}.Release|x64.Build.0 = Release|Any CPU
		{2B695DDF-FF26-415B-8A79-CC850FFA32E8}.Release|x86.ActiveCfg = Release|Any CPU
		{2B695DDF-FF26-415B-8A79-CC850FFA32E8}.Release|x86.Build.0 = Release|Any CPU
		{160DC93C-9433-48DD-ADA4-D6414A387BA0}.Debug|Any CPU.ActiveCfg = Debug|Any CPU
		{160DC93C-9433-48DD-ADA4-D6414A387BA0}.Debug|Any CPU.Build.0 = Debug|Any CPU
		{160DC93C-9433-48DD-ADA4-D6414A387BA0}.Debug|x64.ActiveCfg = Debug|Any CPU
		{160DC93C-9433-48DD-ADA4-D6414A387BA0}.Debug|x64.Build.0 = Debug|Any CPU
		{160DC93C-9433-48DD-ADA4-D6414A387BA0}.Debug|x86.ActiveCfg = Debug|Any CPU
		{160DC93C-9433-48DD-ADA4-D6414A387BA0}.Debug|x86.Build.0 = Debug|Any CPU
		{160DC93C-9433-48DD-ADA4-D6414A387BA0}.Release|Any CPU.ActiveCfg = Release|Any CPU
		{160DC93C-9433-48DD-ADA4-D6414A387BA0}.Release|Any CPU.Build.0 = Release|Any CPU
		{160DC93C-9433-48DD-ADA4-D6414A387BA0}.Release|x64.ActiveCfg = Release|Any CPU
		{160DC93C-9433-48DD-ADA4-D6414A387BA0}.Release|x64.Build.0 = Release|Any CPU
		{160DC93C-9433-48DD-ADA4-D6414A387BA0}.Release|x86.ActiveCfg = Release|Any CPU
		{160DC93C-9433-48DD-ADA4-D6414A387BA0}.Release|x86.Build.0 = Release|Any CPU
		{EB65322F-270A-4153-892B-1D46B5996934}.Debug|Any CPU.ActiveCfg = Debug|Any CPU
		{EB65322F-270A-4153-892B-1D46B5996934}.Debug|Any CPU.Build.0 = Debug|Any CPU
		{EB65322F-270A-4153-892B-1D46B5996934}.Debug|x64.ActiveCfg = Debug|Any CPU
		{EB65322F-270A-4153-892B-1D46B5996934}.Debug|x64.Build.0 = Debug|Any CPU
		{EB65322F-270A-4153-892B-1D46B5996934}.Debug|x86.ActiveCfg = Debug|Any CPU
		{EB65322F-270A-4153-892B-1D46B5996934}.Debug|x86.Build.0 = Debug|Any CPU
		{EB65322F-270A-4153-892B-1D46B5996934}.Release|Any CPU.ActiveCfg = Release|Any CPU
		{EB65322F-270A-4153-892B-1D46B5996934}.Release|Any CPU.Build.0 = Release|Any CPU
		{EB65322F-270A-4153-892B-1D46B5996934}.Release|x64.ActiveCfg = Release|Any CPU
		{EB65322F-270A-4153-892B-1D46B5996934}.Release|x64.Build.0 = Release|Any CPU
		{EB65322F-270A-4153-892B-1D46B5996934}.Release|x86.ActiveCfg = Release|Any CPU
		{EB65322F-270A-4153-892B-1D46B5996934}.Release|x86.Build.0 = Release|Any CPU
		{2DF9A144-E981-4B52-88F2-617B945AEC47}.Debug|Any CPU.ActiveCfg = Debug|Any CPU
		{2DF9A144-E981-4B52-88F2-617B945AEC47}.Debug|Any CPU.Build.0 = Debug|Any CPU
		{2DF9A144-E981-4B52-88F2-617B945AEC47}.Debug|x64.ActiveCfg = Debug|Any CPU
		{2DF9A144-E981-4B52-88F2-617B945AEC47}.Debug|x64.Build.0 = Debug|Any CPU
		{2DF9A144-E981-4B52-88F2-617B945AEC47}.Debug|x86.ActiveCfg = Debug|Any CPU
		{2DF9A144-E981-4B52-88F2-617B945AEC47}.Debug|x86.Build.0 = Debug|Any CPU
		{2DF9A144-E981-4B52-88F2-617B945AEC47}.Release|Any CPU.ActiveCfg = Release|Any CPU
		{2DF9A144-E981-4B52-88F2-617B945AEC47}.Release|Any CPU.Build.0 = Release|Any CPU
		{2DF9A144-E981-4B52-88F2-617B945AEC47}.Release|x64.ActiveCfg = Release|Any CPU
		{2DF9A144-E981-4B52-88F2-617B945AEC47}.Release|x64.Build.0 = Release|Any CPU
		{2DF9A144-E981-4B52-88F2-617B945AEC47}.Release|x86.ActiveCfg = Release|Any CPU
		{2DF9A144-E981-4B52-88F2-617B945AEC47}.Release|x86.Build.0 = Release|Any CPU
		{D65DAC9B-341D-4348-81DB-4EE149DB528F}.Debug|Any CPU.ActiveCfg = Debug|Any CPU
		{D65DAC9B-341D-4348-81DB-4EE149DB528F}.Debug|Any CPU.Build.0 = Debug|Any CPU
		{D65DAC9B-341D-4348-81DB-4EE149DB528F}.Debug|x64.ActiveCfg = Debug|Any CPU
		{D65DAC9B-341D-4348-81DB-4EE149DB528F}.Debug|x64.Build.0 = Debug|Any CPU
		{D65DAC9B-341D-4348-81DB-4EE149DB528F}.Debug|x86.ActiveCfg = Debug|Any CPU
		{D65DAC9B-341D-4348-81DB-4EE149DB528F}.Debug|x86.Build.0 = Debug|Any CPU
		{D65DAC9B-341D-4348-81DB-4EE149DB528F}.Release|Any CPU.ActiveCfg = Release|Any CPU
		{D65DAC9B-341D-4348-81DB-4EE149DB528F}.Release|Any CPU.Build.0 = Release|Any CPU
		{D65DAC9B-341D-4348-81DB-4EE149DB528F}.Release|x64.ActiveCfg = Release|Any CPU
		{D65DAC9B-341D-4348-81DB-4EE149DB528F}.Release|x64.Build.0 = Release|Any CPU
		{D65DAC9B-341D-4348-81DB-4EE149DB528F}.Release|x86.ActiveCfg = Release|Any CPU
		{D65DAC9B-341D-4348-81DB-4EE149DB528F}.Release|x86.Build.0 = Release|Any CPU
		{DA46370B-947F-43B2-8AA6-B5F2D4334A86}.Debug|Any CPU.ActiveCfg = Debug|Any CPU
		{DA46370B-947F-43B2-8AA6-B5F2D4334A86}.Debug|Any CPU.Build.0 = Debug|Any CPU
		{DA46370B-947F-43B2-8AA6-B5F2D4334A86}.Debug|x64.ActiveCfg = Debug|Any CPU
		{DA46370B-947F-43B2-8AA6-B5F2D4334A86}.Debug|x64.Build.0 = Debug|Any CPU
		{DA46370B-947F-43B2-8AA6-B5F2D4334A86}.Debug|x86.ActiveCfg = Debug|Any CPU
		{DA46370B-947F-43B2-8AA6-B5F2D4334A86}.Debug|x86.Build.0 = Debug|Any CPU
		{DA46370B-947F-43B2-8AA6-B5F2D4334A86}.Release|Any CPU.ActiveCfg = Release|Any CPU
		{DA46370B-947F-43B2-8AA6-B5F2D4334A86}.Release|Any CPU.Build.0 = Release|Any CPU
		{DA46370B-947F-43B2-8AA6-B5F2D4334A86}.Release|x64.ActiveCfg = Release|Any CPU
		{DA46370B-947F-43B2-8AA6-B5F2D4334A86}.Release|x64.Build.0 = Release|Any CPU
		{DA46370B-947F-43B2-8AA6-B5F2D4334A86}.Release|x86.ActiveCfg = Release|Any CPU
		{DA46370B-947F-43B2-8AA6-B5F2D4334A86}.Release|x86.Build.0 = Release|Any CPU
	EndGlobalSection
	GlobalSection(SolutionProperties) = preSolution
		HideSolutionNode = FALSE
	EndGlobalSection
	GlobalSection(ExtensibilityGlobals) = postSolution
		SolutionGuid = {9B6982C6-CB16-40C9-8826-291ECCF0DE5B}
	EndGlobalSection
EndGlobal
