
Microsoft Visual Studio Solution File, Format Version 12.00
# Visual Studio Version 17
VisualStudioVersion = 17.8.34330.188
MinimumVisualStudioVersion = 10.0.40219.1
Project("{FAE04EC0-301F-11D3-BF4B-00C04F79EFBC}") = "Lithnet.Ecma2Framework", "Lithnet.Ecma2Framework\Lithnet.Ecma2Framework.csproj", "{DA889F27-C149-43A9-81A3-2D926E200146}"
EndProject
Project("{2150E333-8FDC-42A3-9474-1A3956D46DE8}") = "build", "build", "{B22215C4-98E5-4216-89E4-45F0B873E68A}"
	ProjectSection(SolutionItems) = preProject
		build\azure-pipelines.yml = build\azure-pipelines.yml
	EndProjectSection
EndProject
Global
	GlobalSection(SolutionConfigurationPlatforms) = preSolution
		Debug|Any CPU = Debug|Any CPU
		Release|Any CPU = Release|Any CPU
	EndGlobalSection
	GlobalSection(ProjectConfigurationPlatforms) = postSolution
		{DA889F27-C149-43A9-81A3-2D926E200146}.Debug|Any CPU.ActiveCfg = Debug|Any CPU
		{DA889F27-C149-43A9-81A3-2D926E200146}.Debug|Any CPU.Build.0 = Debug|Any CPU
		{DA889F27-C149-43A9-81A3-2D926E200146}.Release|Any CPU.ActiveCfg = Release|Any CPU
		{DA889F27-C149-43A9-81A3-2D926E200146}.Release|Any CPU.Build.0 = Release|Any CPU
	EndGlobalSection
	GlobalSection(SolutionProperties) = preSolution
		HideSolutionNode = FALSE
	EndGlobalSection
	GlobalSection(ExtensibilityGlobals) = postSolution
		SolutionGuid = {9B6982C6-CB16-40C9-8826-291ECCF0DE5B}
	EndGlobalSection
EndGlobal
